hash: 047191bc5f75dff5e55801bcd617307402a31cf00b2c29f3d395f3a04557ec8b
updated: 2017-01-02T15:38:45.208441264+05:30
imports:
- name: github.com/jasonlvhit/gocron
  version: 42a5804d37aa0b9239b265e894a16b8edbf52d54
- name: github.com/sendgrid/rest
  version: 3ec51b4f1754e13e92409355851a0a82e9a06461
- name: github.com/sendgrid/sendgrid-go
  version: aae62ebbdabd46754b041a12b9f74d2ffdfc49d7
  subpackages:
  - helpers/mail
- name: github.com/stretchr/testify
  version: 69483b4bd14f5845b5a1e55bca19e954e827f1d0
testImports: []
