hash: 85a476301124680a74cb370d358f44397d1018031740317a7f84f2f20ba644c8
updated: 2017-01-02T09:51:45.052088889+05:30
imports:
- name: github.com/jasonlvhit/gocron
  version: 42a5804d37aa0b9239b265e894a16b8edbf52d54
- name: github.com/sendgrid/rest
  version: 3ec51b4f1754e13e92409355851a0a82e9a06461
- name: github.com/sendgrid/sendgrid-go
  version: aae62ebbdabd46754b041a12b9f74d2ffdfc49d7
  subpackages:
  - helpers/mail
testImports: []
